// !$*UTF8*$!
{
	archiveVersion = 1;
	classes = {
	};
	objectVersion = 56;
	objects = {

/* Begin PBXBuildFile section */
		CF689BB72A4338B6009200C3 /* HarmonyApp.swift in Sources */ = {isa = PBXBuildFile; fileRef = CF689BB62A4338B6009200C3 /* HarmonyApp.swift */; };
		CF689BB92A4338B6009200C3 /* ContentView.swift in Sources */ = {isa = PBXBuildFile; fileRef = CF689BB82A4338B6009200C3 /* ContentView.swift */; };
		CF689BBB2A4338B8009200C3 /* Assets.xcassets in Resources */ = {isa = PBXBuildFile; fileRef = CF689BBA2A4338B8009200C3 /* Assets.xcassets */; };
		CF689BBE2A4338B8009200C3 /* Preview Assets.xcassets in Resources */ = {isa = PBXBuildFile; fileRef = CF689BBD2A4338B8009200C3 /* Preview Assets.xcassets */; };
		CF689BC92A4339C7009200C3 /* NewsView.swift in Sources */ = {isa = PBXBuildFile; fileRef = CF689BC82A4339C7009200C3 /* NewsView.swift */; };
		CF689BCF2A433A1D009200C3 /* EventsView.swift in Sources */ = {isa = PBXBuildFile; fileRef = CF689BCE2A433A1D009200C3 /* EventsView.swift */; };
		CF689BD12A433A36009200C3 /* ExploreView.swift in Sources */ = {isa = PBXBuildFile; fileRef = CF689BD02A433A36009200C3 /* ExploreView.swift */; };
		CF689BD32A433A4C009200C3 /* MessagesView.swift in Sources */ = {isa = PBXBuildFile; fileRef = CF689BD22A433A4C009200C3 /* MessagesView.swift */; };
		CF689BD52A433A64009200C3 /* ProfilView.swift in Sources */ = {isa = PBXBuildFile; fileRef = CF689BD42A433A64009200C3 /* ProfilView.swift */; };
		CF689BD72A433AAE009200C3 /* CreateEventView.swift in Sources */ = {isa = PBXBuildFile; fileRef = CF689BD62A433AAE009200C3 /* CreateEventView.swift */; };
		CF689BD92A433AE0009200C3 /* DetailEventView.swift in Sources */ = {isa = PBXBuildFile; fileRef = CF689BD82A433AE0009200C3 /* DetailEventView.swift */; };
		CF689BDB2A433B03009200C3 /* DetailNewsView.swift in Sources */ = {isa = PBXBuildFile; fileRef = CF689BDA2A433B03009200C3 /* DetailNewsView.swift */; };
		CF689BDD2A433B40009200C3 /* DetailCommunityView.swift in Sources */ = {isa = PBXBuildFile; fileRef = CF689BDC2A433B40009200C3 /* DetailCommunityView.swift */; };
		CF689BDF2A433B59009200C3 /* ChatView.swift in Sources */ = {isa = PBXBuildFile; fileRef = CF689BDE2A433B59009200C3 /* ChatView.swift */; };
		CF689BE12A433BC0009200C3 /* ProfileCustomView.swift in Sources */ = {isa = PBXBuildFile; fileRef = CF689BE02A433BC0009200C3 /* ProfileCustomView.swift */; };
		CF689BE32A433C00009200C3 /* SettingsView.swift in Sources */ = {isa = PBXBuildFile; fileRef = CF689BE22A433C00009200C3 /* SettingsView.swift */; };
		CF689BE52A433C42009200C3 /* QuizzView.swift in Sources */ = {isa = PBXBuildFile; fileRef = CF689BE42A433C42009200C3 /* QuizzView.swift */; };
		CF689BEF2A434081009200C3 /* User.swift in Sources */ = {isa = PBXBuildFile; fileRef = CF689BEE2A434081009200C3 /* User.swift */; };
		CF689BF12A4343F7009200C3 /* Event.swift in Sources */ = {isa = PBXBuildFile; fileRef = CF689BF02A4343F7009200C3 /* Event.swift */; };
/* End PBXBuildFile section */

/* Begin PBXFileReference section */
		CF689BB32A4338B6009200C3 /* Harmony.app */ = {isa = PBXFileReference; explicitFileType = wrapper.application; includeInIndex = 0; path = Harmony.app; sourceTree = BUILT_PRODUCTS_DIR; };
		CF689BB62A4338B6009200C3 /* HarmonyApp.swift */ = {isa = PBXFileReference; lastKnownFileType = sourcecode.swift; path = HarmonyApp.swift; sourceTree = "<group>"; };
		CF689BB82A4338B6009200C3 /* ContentView.swift */ = {isa = PBXFileReference; lastKnownFileType = sourcecode.swift; path = ContentView.swift; sourceTree = "<group>"; };
		CF689BBA2A4338B8009200C3 /* Assets.xcassets */ = {isa = PBXFileReference; lastKnownFileType = folder.assetcatalog; path = Assets.xcassets; sourceTree = "<group>"; };
		CF689BBD2A4338B8009200C3 /* Preview Assets.xcassets */ = {isa = PBXFileReference; lastKnownFileType = folder.assetcatalog; path = "Preview Assets.xcassets"; sourceTree = "<group>"; };
		CF689BC82A4339C7009200C3 /* NewsView.swift */ = {isa = PBXFileReference; lastKnownFileType = sourcecode.swift; path = NewsView.swift; sourceTree = "<group>"; };
		CF689BCE2A433A1D009200C3 /* EventsView.swift */ = {isa = PBXFileReference; lastKnownFileType = sourcecode.swift; path = EventsView.swift; sourceTree = "<group>"; };
		CF689BD02A433A36009200C3 /* ExploreView.swift */ = {isa = PBXFileReference; lastKnownFileType = sourcecode.swift; path = ExploreView.swift; sourceTree = "<group>"; };
		CF689BD22A433A4C009200C3 /* MessagesView.swift */ = {isa = PBXFileReference; lastKnownFileType = sourcecode.swift; path = MessagesView.swift; sourceTree = "<group>"; };
		CF689BD42A433A64009200C3 /* ProfilView.swift */ = {isa = PBXFileReference; lastKnownFileType = sourcecode.swift; path = ProfilView.swift; sourceTree = "<group>"; };
		CF689BD62A433AAE009200C3 /* CreateEventView.swift */ = {isa = PBXFileReference; lastKnownFileType = sourcecode.swift; path = CreateEventView.swift; sourceTree = "<group>"; };
		CF689BD82A433AE0009200C3 /* DetailEventView.swift */ = {isa = PBXFileReference; lastKnownFileType = sourcecode.swift; path = DetailEventView.swift; sourceTree = "<group>"; };
		CF689BDA2A433B03009200C3 /* DetailNewsView.swift */ = {isa = PBXFileReference; lastKnownFileType = sourcecode.swift; path = DetailNewsView.swift; sourceTree = "<group>"; };
		CF689BDC2A433B40009200C3 /* DetailCommunityView.swift */ = {isa = PBXFileReference; lastKnownFileType = sourcecode.swift; path = DetailCommunityView.swift; sourceTree = "<group>"; };
		CF689BDE2A433B59009200C3 /* ChatView.swift */ = {isa = PBXFileReference; lastKnownFileType = sourcecode.swift; path = ChatView.swift; sourceTree = "<group>"; };
		CF689BE02A433BC0009200C3 /* ProfileCustomView.swift */ = {isa = PBXFileReference; lastKnownFileType = sourcecode.swift; path = ProfileCustomView.swift; sourceTree = "<group>"; };
		CF689BE22A433C00009200C3 /* SettingsView.swift */ = {isa = PBXFileReference; lastKnownFileType = sourcecode.swift; path = SettingsView.swift; sourceTree = "<group>"; };
		CF689BE42A433C42009200C3 /* QuizzView.swift */ = {isa = PBXFileReference; lastKnownFileType = sourcecode.swift; path = QuizzView.swift; sourceTree = "<group>"; };
		CF689BEE2A434081009200C3 /* User.swift */ = {isa = PBXFileReference; lastKnownFileType = sourcecode.swift; path = User.swift; sourceTree = "<group>"; };
		CF689BF02A4343F7009200C3 /* Event.swift */ = {isa = PBXFileReference; lastKnownFileType = sourcecode.swift; path = Event.swift; sourceTree = "<group>"; };
/* End PBXFileReference section */

/* Begin PBXFrameworksBuildPhase section */
		CF689BB02A4338B6009200C3 /* Frameworks */ = {
			isa = PBXFrameworksBuildPhase;
			buildActionMask = 2147483647;
			files = (
			);
			runOnlyForDeploymentPostprocessing = 0;
		};
/* End PBXFrameworksBuildPhase section */

/* Begin PBXGroup section */
		CF689BAA2A4338B6009200C3 = {
			isa = PBXGroup;
			children = (
				CF689BB52A4338B6009200C3 /* Harmony */,
				CF689BB42A4338B6009200C3 /* Products */,
			);
			sourceTree = "<group>";
		};
		CF689BB42A4338B6009200C3 /* Products */ = {
			isa = PBXGroup;
			children = (
				CF689BB32A4338B6009200C3 /* Harmony.app */,
			);
			name = Products;
			sourceTree = "<group>";
		};
		CF689BB52A4338B6009200C3 /* Harmony */ = {
			isa = PBXGroup;
			children = (
				CF689BB82A4338B6009200C3 /* ContentView.swift */,
				CF689BB62A4338B6009200C3 /* HarmonyApp.swift */,
				CF689BC42A4338D1009200C3 /* Views */,
				CF689BEB2A433D88009200C3 /* ExtractedViews */,
				CF689BC52A433957009200C3 /* Model */,
				CF689BBA2A4338B8009200C3 /* Assets.xcassets */,
				CF689BBC2A4338B8009200C3 /* Preview Content */,
			);
			path = Harmony;
			sourceTree = "<group>";
		};
		CF689BBC2A4338B8009200C3 /* Preview Content */ = {
			isa = PBXGroup;
			children = (
				CF689BBD2A4338B8009200C3 /* Preview Assets.xcassets */,
			);
			path = "Preview Content";
			sourceTree = "<group>";
		};
		CF689BC42A4338D1009200C3 /* Views */ = {
			isa = PBXGroup;
			children = (
				CF689BE82A433CDA009200C3 /* Profile */,
				CF689BE72A433CA8009200C3 /* Message */,
				CF689BEA2A433D57009200C3 /* News */,
				CF689BE62A433C74009200C3 /* Event */,
				CF689BD02A433A36009200C3 /* ExploreView.swift */,
				CF689BDC2A433B40009200C3 /* DetailCommunityView.swift */,
			);
			path = Views;
			sourceTree = "<group>";
		};
		CF689BC52A433957009200C3 /* Model */ = {
			isa = PBXGroup;
			children = (
				CF689BE92A433D2D009200C3 /* Structures */,
			);
			path = Model;
			sourceTree = "<group>";
		};
		CF689BE62A433C74009200C3 /* Event */ = {
			isa = PBXGroup;
			children = (
				CF689BE42A433C42009200C3 /* QuizzView.swift */,
				CF689BCE2A433A1D009200C3 /* EventsView.swift */,
				CF689BD62A433AAE009200C3 /* CreateEventView.swift */,
				CF689BD82A433AE0009200C3 /* DetailEventView.swift */,
			);
			path = Event;
			sourceTree = "<group>";
		};
		CF689BE72A433CA8009200C3 /* Message */ = {
			isa = PBXGroup;
			children = (
				CF689BDE2A433B59009200C3 /* ChatView.swift */,
				CF689BD22A433A4C009200C3 /* MessagesView.swift */,
			);
			path = Message;
			sourceTree = "<group>";
		};
		CF689BE82A433CDA009200C3 /* Profile */ = {
			isa = PBXGroup;
			children = (
				CF689BD42A433A64009200C3 /* ProfilView.swift */,
				CF689BE02A433BC0009200C3 /* ProfileCustomView.swift */,
				CF689BE22A433C00009200C3 /* SettingsView.swift */,
			);
			path = Profile;
			sourceTree = "<group>";
		};
		CF689BE92A433D2D009200C3 /* Structures */ = {
			isa = PBXGroup;
			children = (
				CF689BEE2A434081009200C3 /* User.swift */,
				CF689BF02A4343F7009200C3 /* Event.swift */,
			);
			path = Structures;
			sourceTree = "<group>";
		};
		CF689BEA2A433D57009200C3 /* News */ = {
			isa = PBXGroup;
			children = (
				CF689BC82A4339C7009200C3 /* NewsView.swift */,
				CF689BDA2A433B03009200C3 /* DetailNewsView.swift */,
			);
			path = News;
			sourceTree = "<group>";
		};
		CF689BEB2A433D88009200C3 /* ExtractedViews */ = {
			isa = PBXGroup;
			children = (
			);
			path = ExtractedViews;
			sourceTree = "<group>";
		};
/* End PBXGroup section */

/* Begin PBXNativeTarget section */
		CF689BB22A4338B6009200C3 /* Harmony */ = {
			isa = PBXNativeTarget;
			buildConfigurationList = CF689BC12A4338B8009200C3 /* Build configuration list for PBXNativeTarget "Harmony" */;
			buildPhases = (
				CF689BAF2A4338B6009200C3 /* Sources */,
				CF689BB02A4338B6009200C3 /* Frameworks */,
				CF689BB12A4338B6009200C3 /* Resources */,
			);
			buildRules = (
			);
			dependencies = (
			);
			name = Harmony;
			productName = Harmony;
			productReference = CF689BB32A4338B6009200C3 /* Harmony.app */;
			productType = "com.apple.product-type.application";
		};
/* End PBXNativeTarget section */

/* Begin PBXProject section */
		CF689BAB2A4338B6009200C3 /* Project object */ = {
			isa = PBXProject;
			attributes = {
				BuildIndependentTargetsInParallel = 1;
				LastSwiftUpdateCheck = 1430;
				LastUpgradeCheck = 1430;
				TargetAttributes = {
					CF689BB22A4338B6009200C3 = {
						CreatedOnToolsVersion = 14.3.1;
					};
				};
			};
			buildConfigurationList = CF689BAE2A4338B6009200C3 /* Build configuration list for PBXProject "Harmony" */;
			compatibilityVersion = "Xcode 14.0";
			developmentRegion = en;
			hasScannedForEncodings = 0;
			knownRegions = (
				en,
				Base,
			);
			mainGroup = CF689BAA2A4338B6009200C3;
			productRefGroup = CF689BB42A4338B6009200C3 /* Products */;
			projectDirPath = "";
			projectRoot = "";
			targets = (
				CF689BB22A4338B6009200C3 /* Harmony */,
			);
		};
/* End PBXProject section */

/* Begin PBXResourcesBuildPhase section */
		CF689BB12A4338B6009200C3 /* Resources */ = {
			isa = PBXResourcesBuildPhase;
			buildActionMask = 2147483647;
			files = (
				CF689BBE2A4338B8009200C3 /* Preview Assets.xcassets in Resources */,
				CF689BBB2A4338B8009200C3 /* Assets.xcassets in Resources */,
			);
			runOnlyForDeploymentPostprocessing = 0;
		};
/* End PBXResourcesBuildPhase section */

/* Begin PBXSourcesBuildPhase section */
		CF689BAF2A4338B6009200C3 /* Sources */ = {
			isa = PBXSourcesBuildPhase;
			buildActionMask = 2147483647;
			files = (
				CF689BC92A4339C7009200C3 /* NewsView.swift in Sources */,
				CF689BD72A433AAE009200C3 /* CreateEventView.swift in Sources */,
				CF689BD52A433A64009200C3 /* ProfilView.swift in Sources */,
				CF689BB92A4338B6009200C3 /* ContentView.swift in Sources */,
				CF689BEF2A434081009200C3 /* User.swift in Sources */,
				CF689BDF2A433B59009200C3 /* ChatView.swift in Sources */,
				CF689BDD2A433B40009200C3 /* DetailCommunityView.swift in Sources */,
				CF689BDB2A433B03009200C3 /* DetailNewsView.swift in Sources */,
				CF689BF12A4343F7009200C3 /* Event.swift in Sources */,
				CF689BE32A433C00009200C3 /* SettingsView.swift in Sources */,
				CF689BD32A433A4C009200C3 /* MessagesView.swift in Sources */,
				CF689BB72A4338B6009200C3 /* HarmonyApp.swift in Sources */,
				CF689BE52A433C42009200C3 /* QuizzView.swift in Sources */,
				CF689BD92A433AE0009200C3 /* DetailEventView.swift in Sources */,
				CF689BCF2A433A1D009200C3 /* EventsView.swift in Sources */,
				CF689BD12A433A36009200C3 /* ExploreView.swift in Sources */,
				CF689BE12A433BC0009200C3 /* ProfileCustomView.swift in Sources */,
			);
			runOnlyForDeploymentPostprocessing = 0;
		};
/* End PBXSourcesBuildPhase section */

/* Begin XCBuildConfiguration section */
		CF689BBF2A4338B8009200C3 /* Debug */ = {
			isa = XCBuildConfiguration;
			buildSettings = {
				ALWAYS_SEARCH_USER_PATHS = NO;
				CLANG_ANALYZER_NONNULL = YES;
				CLANG_ANALYZER_NUMBER_OBJECT_CONVERSION = YES_AGGRESSIVE;
				CLANG_CXX_LANGUAGE_STANDARD = "gnu++20";
				CLANG_ENABLE_MODULES = YES;
				CLANG_ENABLE_OBJC_ARC = YES;
				CLANG_ENABLE_OBJC_WEAK = YES;
				CLANG_WARN_BLOCK_CAPTURE_AUTORELEASING = YES;
				CLANG_WARN_BOOL_CONVERSION = YES;
				CLANG_WARN_COMMA = YES;
				CLANG_WARN_CONSTANT_CONVERSION = YES;
				CLANG_WARN_DEPRECATED_OBJC_IMPLEMENTATIONS = YES;
				CLANG_WARN_DIRECT_OBJC_ISA_USAGE = YES_ERROR;
				CLANG_WARN_DOCUMENTATION_COMMENTS = YES;
				CLANG_WARN_EMPTY_BODY = YES;
				CLANG_WARN_ENUM_CONVERSION = YES;
				CLANG_WARN_INFINITE_RECURSION = YES;
				CLANG_WARN_INT_CONVERSION = YES;
				CLANG_WARN_NON_LITERAL_NULL_CONVERSION = YES;
				CLANG_WARN_OBJC_IMPLICIT_RETAIN_SELF = YES;
				CLANG_WARN_OBJC_LITERAL_CONVERSION = YES;
				CLANG_WARN_OBJC_ROOT_CLASS = YES_ERROR;
				CLANG_WARN_QUOTED_INCLUDE_IN_FRAMEWORK_HEADER = YES;
				CLANG_WARN_RANGE_LOOP_ANALYSIS = YES;
				CLANG_WARN_STRICT_PROTOTYPES = YES;
				CLANG_WARN_SUSPICIOUS_MOVE = YES;
				CLANG_WARN_UNGUARDED_AVAILABILITY = YES_AGGRESSIVE;
				CLANG_WARN_UNREACHABLE_CODE = YES;
				CLANG_WARN__DUPLICATE_METHOD_MATCH = YES;
				COPY_PHASE_STRIP = NO;
				DEBUG_INFORMATION_FORMAT = dwarf;
				ENABLE_STRICT_OBJC_MSGSEND = YES;
				ENABLE_TESTABILITY = YES;
				GCC_C_LANGUAGE_STANDARD = gnu11;
				GCC_DYNAMIC_NO_PIC = NO;
				GCC_NO_COMMON_BLOCKS = YES;
				GCC_OPTIMIZATION_LEVEL = 0;
				GCC_PREPROCESSOR_DEFINITIONS = (
					"DEBUG=1",
					"$(inherited)",
				);
				GCC_WARN_64_TO_32_BIT_CONVERSION = YES;
				GCC_WARN_ABOUT_RETURN_TYPE = YES_ERROR;
				GCC_WARN_UNDECLARED_SELECTOR = YES;
				GCC_WARN_UNINITIALIZED_AUTOS = YES_AGGRESSIVE;
				GCC_WARN_UNUSED_FUNCTION = YES;
				GCC_WARN_UNUSED_VARIABLE = YES;
				IPHONEOS_DEPLOYMENT_TARGET = 16.4;
				MTL_ENABLE_DEBUG_INFO = INCLUDE_SOURCE;
				MTL_FAST_MATH = YES;
				ONLY_ACTIVE_ARCH = YES;
				SDKROOT = iphoneos;
				SWIFT_ACTIVE_COMPILATION_CONDITIONS = DEBUG;
				SWIFT_OPTIMIZATION_LEVEL = "-Onone";
			};
			name = Debug;
		};
		CF689BC02A4338B8009200C3 /* Release */ = {
			isa = XCBuildConfiguration;
			buildSettings = {
				ALWAYS_SEARCH_USER_PATHS = NO;
				CLANG_ANALYZER_NONNULL = YES;
				CLANG_ANALYZER_NUMBER_OBJECT_CONVERSION = YES_AGGRESSIVE;
				CLANG_CXX_LANGUAGE_STANDARD = "gnu++20";
				CLANG_ENABLE_MODULES = YES;
				CLANG_ENABLE_OBJC_ARC = YES;
				CLANG_ENABLE_OBJC_WEAK = YES;
				CLANG_WARN_BLOCK_CAPTURE_AUTORELEASING = YES;
				CLANG_WARN_BOOL_CONVERSION = YES;
				CLANG_WARN_COMMA = YES;
				CLANG_WARN_CONSTANT_CONVERSION = YES;
				CLANG_WARN_DEPRECATED_OBJC_IMPLEMENTATIONS = YES;
				CLANG_WARN_DIRECT_OBJC_ISA_USAGE = YES_ERROR;
				CLANG_WARN_DOCUMENTATION_COMMENTS = YES;
				CLANG_WARN_EMPTY_BODY = YES;
				CLANG_WARN_ENUM_CONVERSION = YES;
				CLANG_WARN_INFINITE_RECURSION = YES;
				CLANG_WARN_INT_CONVERSION = YES;
				CLANG_WARN_NON_LITERAL_NULL_CONVERSION = YES;
				CLANG_WARN_OBJC_IMPLICIT_RETAIN_SELF = YES;
				CLANG_WARN_OBJC_LITERAL_CONVERSION = YES;
				CLANG_WARN_OBJC_ROOT_CLASS = YES_ERROR;
				CLANG_WARN_QUOTED_INCLUDE_IN_FRAMEWORK_HEADER = YES;
				CLANG_WARN_RANGE_LOOP_ANALYSIS = YES;
				CLANG_WARN_STRICT_PROTOTYPES = YES;
				CLANG_WARN_SUSPICIOUS_MOVE = YES;
				CLANG_WARN_UNGUARDED_AVAILABILITY = YES_AGGRESSIVE;
				CLANG_WARN_UNREACHABLE_CODE = YES;
				CLANG_WARN__DUPLICATE_METHOD_MATCH = YES;
				COPY_PHASE_STRIP = NO;
				DEBUG_INFORMATION_FORMAT = "dwarf-with-dsym";
				ENABLE_NS_ASSERTIONS = NO;
				ENABLE_STRICT_OBJC_MSGSEND = YES;
				GCC_C_LANGUAGE_STANDARD = gnu11;
				GCC_NO_COMMON_BLOCKS = YES;
				GCC_WARN_64_TO_32_BIT_CONVERSION = YES;
				GCC_WARN_ABOUT_RETURN_TYPE = YES_ERROR;
				GCC_WARN_UNDECLARED_SELECTOR = YES;
				GCC_WARN_UNINITIALIZED_AUTOS = YES_AGGRESSIVE;
				GCC_WARN_UNUSED_FUNCTION = YES;
				GCC_WARN_UNUSED_VARIABLE = YES;
				IPHONEOS_DEPLOYMENT_TARGET = 16.4;
				MTL_ENABLE_DEBUG_INFO = NO;
				MTL_FAST_MATH = YES;
				SDKROOT = iphoneos;
				SWIFT_COMPILATION_MODE = wholemodule;
				SWIFT_OPTIMIZATION_LEVEL = "-O";
				VALIDATE_PRODUCT = YES;
			};
			name = Release;
		};
		CF689BC22A4338B8009200C3 /* Debug */ = {
			isa = XCBuildConfiguration;
			buildSettings = {
				ASSETCATALOG_COMPILER_APPICON_NAME = AppIcon;
				ASSETCATALOG_COMPILER_GLOBAL_ACCENT_COLOR_NAME = AccentColor;
				CODE_SIGN_STYLE = Automatic;
				CURRENT_PROJECT_VERSION = 1;
				DEVELOPMENT_ASSET_PATHS = "\"Harmony/Preview Content\"";
				DEVELOPMENT_TEAM = 93L7C4MX9N;
				ENABLE_PREVIEWS = YES;
				GENERATE_INFOPLIST_FILE = YES;
				INFOPLIST_KEY_UIApplicationSceneManifest_Generation = YES;
				INFOPLIST_KEY_UIApplicationSupportsIndirectInputEvents = YES;
				INFOPLIST_KEY_UILaunchScreen_Generation = YES;
				INFOPLIST_KEY_UISupportedInterfaceOrientations_iPad = "UIInterfaceOrientationPortrait UIInterfaceOrientationPortraitUpsideDown UIInterfaceOrientationLandscapeLeft UIInterfaceOrientationLandscapeRight";
				INFOPLIST_KEY_UISupportedInterfaceOrientations_iPhone = "UIInterfaceOrientationPortrait UIInterfaceOrientationLandscapeLeft UIInterfaceOrientationLandscapeRight";
				LD_RUNPATH_SEARCH_PATHS = (
					"$(inherited)",
					"@executable_path/Frameworks",
				);
				MARKETING_VERSION = 1.0;
				PRODUCT_BUNDLE_IDENTIFIER = Sonia.com.Harmony;
				PRODUCT_NAME = "$(TARGET_NAME)";
				SWIFT_EMIT_LOC_STRINGS = YES;
				SWIFT_VERSION = 5.0;
				TARGETED_DEVICE_FAMILY = "1,2";
			};
			name = Debug;
		};
		CF689BC32A4338B8009200C3 /* Release */ = {
			isa = XCBuildConfiguration;
			buildSettings = {
				ASSETCATALOG_COMPILER_APPICON_NAME = AppIcon;
				ASSETCATALOG_COMPILER_GLOBAL_ACCENT_COLOR_NAME = AccentColor;
				CODE_SIGN_STYLE = Automatic;
				CURRENT_PROJECT_VERSION = 1;
				DEVELOPMENT_ASSET_PATHS = "\"Harmony/Preview Content\"";
				DEVELOPMENT_TEAM = 93L7C4MX9N;
				ENABLE_PREVIEWS = YES;
				GENERATE_INFOPLIST_FILE = YES;
				INFOPLIST_KEY_UIApplicationSceneManifest_Generation = YES;
				INFOPLIST_KEY_UIApplicationSupportsIndirectInputEvents = YES;
				INFOPLIST_KEY_UILaunchScreen_Generation = YES;
				INFOPLIST_KEY_UISupportedInterfaceOrientations_iPad = "UIInterfaceOrientationPortrait UIInterfaceOrientationPortraitUpsideDown UIInterfaceOrientationLandscapeLeft UIInterfaceOrientationLandscapeRight";
				INFOPLIST_KEY_UISupportedInterfaceOrientations_iPhone = "UIInterfaceOrientationPortrait UIInterfaceOrientationLandscapeLeft UIInterfaceOrientationLandscapeRight";
				LD_RUNPATH_SEARCH_PATHS = (
					"$(inherited)",
					"@executable_path/Frameworks",
				);
				MARKETING_VERSION = 1.0;
				PRODUCT_BUNDLE_IDENTIFIER = Sonia.com.Harmony;
				PRODUCT_NAME = "$(TARGET_NAME)";
				SWIFT_EMIT_LOC_STRINGS = YES;
				SWIFT_VERSION = 5.0;
				TARGETED_DEVICE_FAMILY = "1,2";
			};
			name = Release;
		};
/* End XCBuildConfiguration section */

/* Begin XCConfigurationList section */
		CF689BAE2A4338B6009200C3 /* Build configuration list for PBXProject "Harmony" */ = {
			isa = XCConfigurationList;
			buildConfigurations = (
				CF689BBF2A4338B8009200C3 /* Debug */,
				CF689BC02A4338B8009200C3 /* Release */,
			);
			defaultConfigurationIsVisible = 0;
			defaultConfigurationName = Release;
		};
		CF689BC12A4338B8009200C3 /* Build configuration list for PBXNativeTarget "Harmony" */ = {
			isa = XCConfigurationList;
			buildConfigurations = (
				CF689BC22A4338B8009200C3 /* Debug */,
				CF689BC32A4338B8009200C3 /* Release */,
			);
			defaultConfigurationIsVisible = 0;
			defaultConfigurationName = Release;
		};
/* End XCConfigurationList section */
	};
	rootObject = CF689BAB2A4338B6009200C3 /* Project object */;
}
